// !$*UTF8*$!
{
	archiveVersion = 1;
	classes = {
	};
	objectVersion = 56;
	objects = {

/* Begin PBXBuildFile section */
		279F2C642986D89E0012D6DA /* AppDelegate.swift in Sources */ = {isa = PBXBuildFile; fileRef = 279F2C632986D89E0012D6DA /* AppDelegate.swift */; };
		279F2C662986D89E0012D6DA /* SceneDelegate.swift in Sources */ = {isa = PBXBuildFile; fileRef = 279F2C652986D89E0012D6DA /* SceneDelegate.swift */; };
		279F2C682986D89E0012D6DA /* LaunchVC.swift in Sources */ = {isa = PBXBuildFile; fileRef = 279F2C672986D89E0012D6DA /* LaunchVC.swift */; };
		279F2C6B2986D89E0012D6DA /* Main.storyboard in Resources */ = {isa = PBXBuildFile; fileRef = 279F2C692986D89E0012D6DA /* Main.storyboard */; };
		279F2C6E2986D89E0012D6DA /* MovieRentApp.xcdatamodeld in Sources */ = {isa = PBXBuildFile; fileRef = 279F2C6C2986D89E0012D6DA /* MovieRentApp.xcdatamodeld */; };
		279F2C702986D8A30012D6DA /* Assets.xcassets in Resources */ = {isa = PBXBuildFile; fileRef = 279F2C6F2986D8A30012D6DA /* Assets.xcassets */; };
		279F2C732986D8A30012D6DA /* LaunchScreen.storyboard in Resources */ = {isa = PBXBuildFile; fileRef = 279F2C712986D8A30012D6DA /* LaunchScreen.storyboard */; };
		279F2C7C2986D9BA0012D6DA /* AdvertisingVC.swift in Sources */ = {isa = PBXBuildFile; fileRef = 279F2C7B2986D9BA0012D6DA /* AdvertisingVC.swift */; };
		279F2C7E2986DAA90012D6DA /* MainVC.swift in Sources */ = {isa = PBXBuildFile; fileRef = 279F2C7D2986DAA90012D6DA /* MainVC.swift */; };
		279F2C802986DADD0012D6DA /* URLController.swift in Sources */ = {isa = PBXBuildFile; fileRef = 279F2C7F2986DADD0012D6DA /* URLController.swift */; };
/* End PBXBuildFile section */

/* Begin PBXFileReference section */
		279F2C602986D89E0012D6DA /* MovieRentApp.app */ = {isa = PBXFileReference; explicitFileType = wrapper.application; includeInIndex = 0; path = MovieRentApp.app; sourceTree = BUILT_PRODUCTS_DIR; };
		279F2C632986D89E0012D6DA /* AppDelegate.swift */ = {isa = PBXFileReference; lastKnownFileType = sourcecode.swift; path = AppDelegate.swift; sourceTree = "<group>"; };
		279F2C652986D89E0012D6DA /* SceneDelegate.swift */ = {isa = PBXFileReference; lastKnownFileType = sourcecode.swift; path = SceneDelegate.swift; sourceTree = "<group>"; };
		279F2C672986D89E0012D6DA /* LaunchVC.swift */ = {isa = PBXFileReference; lastKnownFileType = sourcecode.swift; path = LaunchVC.swift; sourceTree = "<group>"; };
		279F2C6A2986D89E0012D6DA /* Base */ = {isa = PBXFileReference; lastKnownFileType = file.storyboard; name = Base; path = Base.lproj/Main.storyboard; sourceTree = "<group>"; };
		279F2C6D2986D89E0012D6DA /* MovieRentApp.xcdatamodel */ = {isa = PBXFileReference; lastKnownFileType = wrapper.xcdatamodel; path = MovieRentApp.xcdatamodel; sourceTree = "<group>"; };
		279F2C6F2986D8A30012D6DA /* Assets.xcassets */ = {isa = PBXFileReference; lastKnownFileType = folder.assetcatalog; path = Assets.xcassets; sourceTree = "<group>"; };
		279F2C722986D8A30012D6DA /* Base */ = {isa = PBXFileReference; lastKnownFileType = file.storyboard; name = Base; path = Base.lproj/LaunchScreen.storyboard; sourceTree = "<group>"; };
		279F2C742986D8A30012D6DA /* Info.plist */ = {isa = PBXFileReference; lastKnownFileType = text.plist.xml; path = Info.plist; sourceTree = "<group>"; };
		279F2C7B2986D9BA0012D6DA /* AdvertisingVC.swift */ = {isa = PBXFileReference; lastKnownFileType = sourcecode.swift; path = AdvertisingVC.swift; sourceTree = "<group>"; };
		279F2C7D2986DAA90012D6DA /* MainVC.swift */ = {isa = PBXFileReference; lastKnownFileType = sourcecode.swift; path = MainVC.swift; sourceTree = "<group>"; };
		279F2C7F2986DADD0012D6DA /* URLController.swift */ = {isa = PBXFileReference; lastKnownFileType = sourcecode.swift; path = URLController.swift; sourceTree = "<group>"; };
/* End PBXFileReference section */

/* Begin PBXFrameworksBuildPhase section */
		279F2C5D2986D89E0012D6DA /* Frameworks */ = {
			isa = PBXFrameworksBuildPhase;
			buildActionMask = 2147483647;
			files = (
			);
			runOnlyForDeploymentPostprocessing = 0;
		};
/* End PBXFrameworksBuildPhase section */

/* Begin PBXGroup section */
		279F2C572986D89D0012D6DA = {
			isa = PBXGroup;
			children = (
				279F2C622986D89E0012D6DA /* MovieRentApp */,
				279F2C612986D89E0012D6DA /* Products */,
			);
			sourceTree = "<group>";
		};
		279F2C612986D89E0012D6DA /* Products */ = {
			isa = PBXGroup;
			children = (
				279F2C602986D89E0012D6DA /* MovieRentApp.app */,
			);
			name = Products;
			sourceTree = "<group>";
		};
		279F2C622986D89E0012D6DA /* MovieRentApp */ = {
			isa = PBXGroup;
			children = (
				279F2C7F2986DADD0012D6DA /* URLController.swift */,
				279F2C672986D89E0012D6DA /* LaunchVC.swift */,
				279F2C7B2986D9BA0012D6DA /* AdvertisingVC.swift */,
				279F2C7D2986DAA90012D6DA /* MainVC.swift */,
				279F2C692986D89E0012D6DA /* Main.storyboard */,
				279F2C6F2986D8A30012D6DA /* Assets.xcassets */,
				279F2C712986D8A30012D6DA /* LaunchScreen.storyboard */,
				279F2C742986D8A30012D6DA /* Info.plist */,
				279F2C6C2986D89E0012D6DA /* MovieRentApp.xcdatamodeld */,
				279F2C7A2986D8B10012D6DA /* Delegates */,
			);
			path = MovieRentApp;
			sourceTree = "<group>";
		};
		279F2C7A2986D8B10012D6DA /* Delegates */ = {
			isa = PBXGroup;
			children = (
				279F2C652986D89E0012D6DA /* SceneDelegate.swift */,
				279F2C632986D89E0012D6DA /* AppDelegate.swift */,
			);
			path = Delegates;
			sourceTree = "<group>";
		};
/* End PBXGroup section */

/* Begin PBXNativeTarget section */
		279F2C5F2986D89E0012D6DA /* MovieRentApp */ = {
			isa = PBXNativeTarget;
			buildConfigurationList = 279F2C772986D8A30012D6DA /* Build configuration list for PBXNativeTarget "MovieRentApp" */;
			buildPhases = (
				279F2C5C2986D89E0012D6DA /* Sources */,
				279F2C5D2986D89E0012D6DA /* Frameworks */,
				279F2C5E2986D89E0012D6DA /* Resources */,
			);
			buildRules = (
			);
			dependencies = (
			);
			name = MovieRentApp;
			productName = MovieRentApp;
			productReference = 279F2C602986D89E0012D6DA /* MovieRentApp.app */;
			productType = "com.apple.product-type.application";
		};
/* End PBXNativeTarget section */

/* Begin PBXProject section */
		279F2C582986D89E0012D6DA /* Project object */ = {
			isa = PBXProject;
			attributes = {
				BuildIndependentTargetsInParallel = 1;
				LastSwiftUpdateCheck = 1420;
				LastUpgradeCheck = 1420;
				TargetAttributes = {
					279F2C5F2986D89E0012D6DA = {
						CreatedOnToolsVersion = 14.2;
					};
				};
			};
			buildConfigurationList = 279F2C5B2986D89E0012D6DA /* Build configuration list for PBXProject "MovieRentApp" */;
			compatibilityVersion = "Xcode 14.0";
			developmentRegion = en;
			hasScannedForEncodings = 0;
			knownRegions = (
				en,
				Base,
			);
			mainGroup = 279F2C572986D89D0012D6DA;
			productRefGroup = 279F2C612986D89E0012D6DA /* Products */;
			projectDirPath = "";
			projectRoot = "";
			targets = (
				279F2C5F2986D89E0012D6DA /* MovieRentApp */,
			);
		};
/* End PBXProject section */

/* Begin PBXResourcesBuildPhase section */
		279F2C5E2986D89E0012D6DA /* Resources */ = {
			isa = PBXResourcesBuildPhase;
			buildActionMask = 2147483647;
			files = (
				279F2C732986D8A30012D6DA /* LaunchScreen.storyboard in Resources */,
				279F2C702986D8A30012D6DA /* Assets.xcassets in Resources */,
				279F2C6B2986D89E0012D6DA /* Main.storyboard in Resources */,
			);
			runOnlyForDeploymentPostprocessing = 0;
		};
/* End PBXResourcesBuildPhase section */

/* Begin PBXSourcesBuildPhase section */
		279F2C5C2986D89E0012D6DA /* Sources */ = {
			isa = PBXSourcesBuildPhase;
			buildActionMask = 2147483647;
			files = (
				279F2C802986DADD0012D6DA /* URLController.swift in Sources */,
				279F2C682986D89E0012D6DA /* LaunchVC.swift in Sources */,
				279F2C7E2986DAA90012D6DA /* MainVC.swift in Sources */,
				279F2C7C2986D9BA0012D6DA /* AdvertisingVC.swift in Sources */,
				279F2C642986D89E0012D6DA /* AppDelegate.swift in Sources */,
				279F2C662986D89E0012D6DA /* SceneDelegate.swift in Sources */,
				279F2C6E2986D89E0012D6DA /* MovieRentApp.xcdatamodeld in Sources */,
			);
			runOnlyForDeploymentPostprocessing = 0;
		};
/* End PBXSourcesBuildPhase section */

/* Begin PBXVariantGroup section */
		279F2C692986D89E0012D6DA /* Main.storyboard */ = {
			isa = PBXVariantGroup;
			children = (
				279F2C6A2986D89E0012D6DA /* Base */,
			);
			name = Main.storyboard;
			sourceTree = "<group>";
		};
		279F2C712986D8A30012D6DA /* LaunchScreen.storyboard */ = {
			isa = PBXVariantGroup;
			children = (
				279F2C722986D8A30012D6DA /* Base */,
			);
			name = LaunchScreen.storyboard;
			sourceTree = "<group>";
		};
/* End PBXVariantGroup section */

/* Begin XCBuildConfiguration section */
		279F2C752986D8A30012D6DA /* Debug */ = {
			isa = XCBuildConfiguration;
			buildSettings = {
				ALWAYS_SEARCH_USER_PATHS = NO;
				CLANG_ANALYZER_NONNULL = YES;
				CLANG_ANALYZER_NUMBER_OBJECT_CONVERSION = YES_AGGRESSIVE;
				CLANG_CXX_LANGUAGE_STANDARD = "gnu++20";
				CLANG_ENABLE_MODULES = YES;
				CLANG_ENABLE_OBJC_ARC = YES;
				CLANG_ENABLE_OBJC_WEAK = YES;
				CLANG_WARN_BLOCK_CAPTURE_AUTORELEASING = YES;
				CLANG_WARN_BOOL_CONVERSION = YES;
				CLANG_WARN_COMMA = YES;
				CLANG_WARN_CONSTANT_CONVERSION = YES;
				CLANG_WARN_DEPRECATED_OBJC_IMPLEMENTATIONS = YES;
				CLANG_WARN_DIRECT_OBJC_ISA_USAGE = YES_ERROR;
				CLANG_WARN_DOCUMENTATION_COMMENTS = YES;
				CLANG_WARN_EMPTY_BODY = YES;
				CLANG_WARN_ENUM_CONVERSION = YES;
				CLANG_WARN_INFINITE_RECURSION = YES;
				CLANG_WARN_INT_CONVERSION = YES;
				CLANG_WARN_NON_LITERAL_NULL_CONVERSION = YES;
				CLANG_WARN_OBJC_IMPLICIT_RETAIN_SELF = YES;
				CLANG_WARN_OBJC_LITERAL_CONVERSION = YES;
				CLANG_WARN_OBJC_ROOT_CLASS = YES_ERROR;
				CLANG_WARN_QUOTED_INCLUDE_IN_FRAMEWORK_HEADER = YES;
				CLANG_WARN_RANGE_LOOP_ANALYSIS = YES;
				CLANG_WARN_STRICT_PROTOTYPES = YES;
				CLANG_WARN_SUSPICIOUS_MOVE = YES;
				CLANG_WARN_UNGUARDED_AVAILABILITY = YES_AGGRESSIVE;
				CLANG_WARN_UNREACHABLE_CODE = YES;
				CLANG_WARN__DUPLICATE_METHOD_MATCH = YES;
				COPY_PHASE_STRIP = NO;
				DEBUG_INFORMATION_FORMAT = dwarf;
				ENABLE_STRICT_OBJC_MSGSEND = YES;
				ENABLE_TESTABILITY = YES;
				GCC_C_LANGUAGE_STANDARD = gnu11;
				GCC_DYNAMIC_NO_PIC = NO;
				GCC_NO_COMMON_BLOCKS = YES;
				GCC_OPTIMIZATION_LEVEL = 0;
				GCC_PREPROCESSOR_DEFINITIONS = (
					"DEBUG=1",
					"$(inherited)",
				);
				GCC_WARN_64_TO_32_BIT_CONVERSION = YES;
				GCC_WARN_ABOUT_RETURN_TYPE = YES_ERROR;
				GCC_WARN_UNDECLARED_SELECTOR = YES;
				GCC_WARN_UNINITIALIZED_AUTOS = YES_AGGRESSIVE;
				GCC_WARN_UNUSED_FUNCTION = YES;
				GCC_WARN_UNUSED_VARIABLE = YES;
				IPHONEOS_DEPLOYMENT_TARGET = 16.2;
				MTL_ENABLE_DEBUG_INFO = INCLUDE_SOURCE;
				MTL_FAST_MATH = YES;
				ONLY_ACTIVE_ARCH = YES;
				SDKROOT = iphoneos;
				SWIFT_ACTIVE_COMPILATION_CONDITIONS = DEBUG;
				SWIFT_OPTIMIZATION_LEVEL = "-Onone";
			};
			name = Debug;
		};
		279F2C762986D8A30012D6DA /* Release */ = {
			isa = XCBuildConfiguration;
			buildSettings = {
				ALWAYS_SEARCH_USER_PATHS = NO;
				CLANG_ANALYZER_NONNULL = YES;
				CLANG_ANALYZER_NUMBER_OBJECT_CONVERSION = YES_AGGRESSIVE;
				CLANG_CXX_LANGUAGE_STANDARD = "gnu++20";
				CLANG_ENABLE_MODULES = YES;
				CLANG_ENABLE_OBJC_ARC = YES;
				CLANG_ENABLE_OBJC_WEAK = YES;
				CLANG_WARN_BLOCK_CAPTURE_AUTORELEASING = YES;
				CLANG_WARN_BOOL_CONVERSION = YES;
				CLANG_WARN_COMMA = YES;
				CLANG_WARN_CONSTANT_CONVERSION = YES;
				CLANG_WARN_DEPRECATED_OBJC_IMPLEMENTATIONS = YES;
				CLANG_WARN_DIRECT_OBJC_ISA_USAGE = YES_ERROR;
				CLANG_WARN_DOCUMENTATION_COMMENTS = YES;
				CLANG_WARN_EMPTY_BODY = YES;
				CLANG_WARN_ENUM_CONVERSION = YES;
				CLANG_WARN_INFINITE_RECURSION = YES;
				CLANG_WARN_INT_CONVERSION = YES;
				CLANG_WARN_NON_LITERAL_NULL_CONVERSION = YES;
				CLANG_WARN_OBJC_IMPLICIT_RETAIN_SELF = YES;
				CLANG_WARN_OBJC_LITERAL_CONVERSION = YES;
				CLANG_WARN_OBJC_ROOT_CLASS = YES_ERROR;
				CLANG_WARN_QUOTED_INCLUDE_IN_FRAMEWORK_HEADER = YES;
				CLANG_WARN_RANGE_LOOP_ANALYSIS = YES;
				CLANG_WARN_STRICT_PROTOTYPES = YES;
				CLANG_WARN_SUSPICIOUS_MOVE = YES;
				CLANG_WARN_UNGUARDED_AVAILABILITY = YES_AGGRESSIVE;
				CLANG_WARN_UNREACHABLE_CODE = YES;
				CLANG_WARN__DUPLICATE_METHOD_MATCH = YES;
				COPY_PHASE_STRIP = NO;
				DEBUG_INFORMATION_FORMAT = "dwarf-with-dsym";
				ENABLE_NS_ASSERTIONS = NO;
				ENABLE_STRICT_OBJC_MSGSEND = YES;
				GCC_C_LANGUAGE_STANDARD = gnu11;
				GCC_NO_COMMON_BLOCKS = YES;
				GCC_WARN_64_TO_32_BIT_CONVERSION = YES;
				GCC_WARN_ABOUT_RETURN_TYPE = YES_ERROR;
				GCC_WARN_UNDECLARED_SELECTOR = YES;
				GCC_WARN_UNINITIALIZED_AUTOS = YES_AGGRESSIVE;
				GCC_WARN_UNUSED_FUNCTION = YES;
				GCC_WARN_UNUSED_VARIABLE = YES;
				IPHONEOS_DEPLOYMENT_TARGET = 16.2;
				MTL_ENABLE_DEBUG_INFO = NO;
				MTL_FAST_MATH = YES;
				SDKROOT = iphoneos;
				SWIFT_COMPILATION_MODE = wholemodule;
				SWIFT_OPTIMIZATION_LEVEL = "-O";
				VALIDATE_PRODUCT = YES;
			};
			name = Release;
		};
		279F2C782986D8A30012D6DA /* Debug */ = {
			isa = XCBuildConfiguration;
			buildSettings = {
				ASSETCATALOG_COMPILER_APPICON_NAME = AppIcon;
				ASSETCATALOG_COMPILER_GLOBAL_ACCENT_COLOR_NAME = AccentColor;
				CODE_SIGN_STYLE = Automatic;
				CURRENT_PROJECT_VERSION = 1;
				DEVELOPMENT_TEAM = BMVXYF7P3M;
				GENERATE_INFOPLIST_FILE = YES;
				INFOPLIST_FILE = MovieRentApp/Info.plist;
				INFOPLIST_KEY_UIApplicationSupportsIndirectInputEvents = YES;
				INFOPLIST_KEY_UILaunchStoryboardName = LaunchScreen;
				INFOPLIST_KEY_UIMainStoryboardFile = Main;
				INFOPLIST_KEY_UISupportedInterfaceOrientations_iPad = "UIInterfaceOrientationPortrait UIInterfaceOrientationPortraitUpsideDown UIInterfaceOrientationLandscapeLeft UIInterfaceOrientationLandscapeRight";
				INFOPLIST_KEY_UISupportedInterfaceOrientations_iPhone = "UIInterfaceOrientationPortrait UIInterfaceOrientationLandscapeLeft UIInterfaceOrientationLandscapeRight";
				LD_RUNPATH_SEARCH_PATHS = (
					"$(inherited)",
					"@executable_path/Frameworks",
				);
				MARKETING_VERSION = 1.0;
				PRODUCT_BUNDLE_IDENTIFIER = com.Kyrylos.MovieRentApp;
				PRODUCT_NAME = "$(TARGET_NAME)";
				SWIFT_EMIT_LOC_STRINGS = YES;
				SWIFT_VERSION = 5.0;
				TARGETED_DEVICE_FAMILY = "1,2";
			};
			name = Debug;
		};
		279F2C792986D8A30012D6DA /* Release */ = {
			isa = XCBuildConfiguration;
			buildSettings = {
				ASSETCATALOG_COMPILER_APPICON_NAME = AppIcon;
				ASSETCATALOG_COMPILER_GLOBAL_ACCENT_COLOR_NAME = AccentColor;
				CODE_SIGN_STYLE = Automatic;
				CURRENT_PROJECT_VERSION = 1;
				DEVELOPMENT_TEAM = BMVXYF7P3M;
				GENERATE_INFOPLIST_FILE = YES;
				INFOPLIST_FILE = MovieRentApp/Info.plist;
				INFOPLIST_KEY_UIApplicationSupportsIndirectInputEvents = YES;
				INFOPLIST_KEY_UILaunchStoryboardName = LaunchScreen;
				INFOPLIST_KEY_UIMainStoryboardFile = Main;
				INFOPLIST_KEY_UISupportedInterfaceOrientations_iPad = "UIInterfaceOrientationPortrait UIInterfaceOrientationPortraitUpsideDown UIInterfaceOrientationLandscapeLeft UIInterfaceOrientationLandscapeRight";
				INFOPLIST_KEY_UISupportedInterfaceOrientations_iPhone = "UIInterfaceOrientationPortrait UIInterfaceOrientationLandscapeLeft UIInterfaceOrientationLandscapeRight";
				LD_RUNPATH_SEARCH_PATHS = (
					"$(inherited)",
					"@executable_path/Frameworks",
				);
				MARKETING_VERSION = 1.0;
				PRODUCT_BUNDLE_IDENTIFIER = com.Kyrylos.MovieRentApp;
				PRODUCT_NAME = "$(TARGET_NAME)";
				SWIFT_EMIT_LOC_STRINGS = YES;
				SWIFT_VERSION = 5.0;
				TARGETED_DEVICE_FAMILY = "1,2";
			};
			name = Release;
		};
/* End XCBuildConfiguration section */

/* Begin XCConfigurationList section */
		279F2C5B2986D89E0012D6DA /* Build configuration list for PBXProject "MovieRentApp" */ = {
			isa = XCConfigurationList;
			buildConfigurations = (
				279F2C752986D8A30012D6DA /* Debug */,
				279F2C762986D8A30012D6DA /* Release */,
			);
			defaultConfigurationIsVisible = 0;
			defaultConfigurationName = Release;
		};
		279F2C772986D8A30012D6DA /* Build configuration list for PBXNativeTarget "MovieRentApp" */ = {
			isa = XCConfigurationList;
			buildConfigurations = (
				279F2C782986D8A30012D6DA /* Debug */,
				279F2C792986D8A30012D6DA /* Release */,
			);
			defaultConfigurationIsVisible = 0;
			defaultConfigurationName = Release;
		};
/* End XCConfigurationList section */

/* Begin XCVersionGroup section */
		279F2C6C2986D89E0012D6DA /* MovieRentApp.xcdatamodeld */ = {
			isa = XCVersionGroup;
			children = (
				279F2C6D2986D89E0012D6DA /* MovieRentApp.xcdatamodel */,
			);
			currentVersion = 279F2C6D2986D89E0012D6DA /* MovieRentApp.xcdatamodel */;
			path = MovieRentApp.xcdatamodeld;
			sourceTree = "<group>";
			versionGroupType = wrapper.xcdatamodel;
		};
/* End XCVersionGroup section */
	};
	rootObject = 279F2C582986D89E0012D6DA /* Project object */;
}
